
Microsoft Visual Studio Solution File, Format Version 12.00
# Visual Studio Version 17
VisualStudioVersion = 17.0.32112.339
MinimumVisualStudioVersion = 10.0.40219.1
Project("{FAE04EC0-301F-11D3-BF4B-00C04F79EFBC}") = "PropertiesDefinitionLanguage", "PropertiesDefinitionLanguage\PropertiesDefinitionLanguage.csproj", "{7DAE7108-83CA-42D9-9441-0B9F9ABF608B}"
EndProject
Project("{FAE04EC0-301F-11D3-BF4B-00C04F79EFBC}") = "PropertiesDefinitionLanguageTest", "PropertiesDefinitionLanguageTest\PropertiesDefinitionLanguageTest.csproj", "{5EB86E3C-5D68-4BD1-915C-2AC6C48051F8}"
EndProject
Project("{FAE04EC0-301F-11D3-BF4B-00C04F79EFBC}") = "PropertiesInstanceLanguage", "PropertiesInstanceLanguage\PropertiesInstanceLanguage.csproj", "{69989E54-660A-4711-8937-39AE9277F857}"
EndProject
Project("{2150E333-8FDC-42A3-9474-1A3956D46DE8}") = "Grammars", "Grammars", "{7CBB3C99-F834-4575-AEE7-FBE945091C82}"
	ProjectSection(SolutionItems) = preProject
		..\gx-grammars\properties\PCommonLexer.g4 = ..\gx-grammars\properties\PCommonLexer.g4
		..\gx-grammars\properties\PConversionLexer.g4 = ..\gx-grammars\properties\PConversionLexer.g4
		..\gx-grammars\properties\PConversionParser.g4 = ..\gx-grammars\properties\PConversionParser.g4
		..\gx-grammars\properties\PDefinitionLexer.g4 = ..\gx-grammars\properties\PDefinitionLexer.g4
		..\gx-grammars\properties\PDefinitionParser.g4 = ..\gx-grammars\properties\PDefinitionParser.g4
		..\gx-grammars\properties\PExprLexer.g4 = ..\gx-grammars\properties\PExprLexer.g4
		..\gx-grammars\properties\PExprParser.g4 = ..\gx-grammars\properties\PExprParser.g4
		..\gx-grammars\properties\PInstanceLexer.g4 = ..\gx-grammars\properties\PInstanceLexer.g4
		..\gx-grammars\properties\PInstanceParser.g4 = ..\gx-grammars\properties\PInstanceParser.g4
	EndProjectSection
EndProject
Project("{FAE04EC0-301F-11D3-BF4B-00C04F79EFBC}") = "PropertiesConversionLanguage", "PropertiesConversionLanguage\PropertiesConversionLanguage.csproj", "{3B234D7B-87AC-4EC9-BA91-1898091E7CCE}"
EndProject
Global
	GlobalSection(SolutionConfigurationPlatforms) = preSolution
		Debug|Any CPU = Debug|Any CPU
		Release|Any CPU = Release|Any CPU
	EndGlobalSection
	GlobalSection(ProjectConfigurationPlatforms) = postSolution
		{7DAE7108-83CA-42D9-9441-0B9F9ABF608B}.Debug|Any CPU.ActiveCfg = Debug|Any CPU
		{7DAE7108-83CA-42D9-9441-0B9F9ABF608B}.Debug|Any CPU.Build.0 = Debug|Any CPU
		{7DAE7108-83CA-42D9-9441-0B9F9ABF608B}.Release|Any CPU.ActiveCfg = Release|Any CPU
		{7DAE7108-83CA-42D9-9441-0B9F9ABF608B}.Release|Any CPU.Build.0 = Release|Any CPU
		{5EB86E3C-5D68-4BD1-915C-2AC6C48051F8}.Debug|Any CPU.ActiveCfg = Debug|Any CPU
		{5EB86E3C-5D68-4BD1-915C-2AC6C48051F8}.Debug|Any CPU.Build.0 = Debug|Any CPU
		{5EB86E3C-5D68-4BD1-915C-2AC6C48051F8}.Release|Any CPU.ActiveCfg = Release|Any CPU
		{5EB86E3C-5D68-4BD1-915C-2AC6C48051F8}.Release|Any CPU.Build.0 = Release|Any CPU
		{69989E54-660A-4711-8937-39AE9277F857}.Debug|Any CPU.ActiveCfg = Debug|Any CPU
		{69989E54-660A-4711-8937-39AE9277F857}.Debug|Any CPU.Build.0 = Debug|Any CPU
		{69989E54-660A-4711-8937-39AE9277F857}.Release|Any CPU.ActiveCfg = Release|Any CPU
		{69989E54-660A-4711-8937-39AE9277F857}.Release|Any CPU.Build.0 = Release|Any CPU
		{3B234D7B-87AC-4EC9-BA91-1898091E7CCE}.Debug|Any CPU.ActiveCfg = Debug|Any CPU
		{3B234D7B-87AC-4EC9-BA91-1898091E7CCE}.Debug|Any CPU.Build.0 = Debug|Any CPU
		{3B234D7B-87AC-4EC9-BA91-1898091E7CCE}.Release|Any CPU.ActiveCfg = Release|Any CPU
		{3B234D7B-87AC-4EC9-BA91-1898091E7CCE}.Release|Any CPU.Build.0 = Release|Any CPU
	EndGlobalSection
	GlobalSection(SolutionProperties) = preSolution
		HideSolutionNode = FALSE
	EndGlobalSection
	GlobalSection(ExtensibilityGlobals) = postSolution
		SolutionGuid = {A040F3F8-0329-4C70-9338-F24095F1D91C}
	EndGlobalSection
EndGlobal
